
Microsoft Visual Studio Solution File, Format Version 12.00
# Visual Studio Version 16
VisualStudioVersion = 16.0.34931.43
MinimumVisualStudioVersion = 10.0.40219.1
Project("{FAE04EC0-301F-11D3-BF4B-00C04F79EFBC}") = "Employee_Travel_Booking_WebApplication", "Employee_Travel_Booking_WebApplication\Employee_Travel_Booking_WebApplication.csproj", "{C987B127-21DF-4BC6-B6BB-2DB08F605834}"
EndProject
Global
	GlobalSection(SolutionConfigurationPlatforms) = preSolution
		Debug|Any CPU = Debug|Any CPU
		Release|Any CPU = Release|Any CPU
	EndGlobalSection
	GlobalSection(ProjectConfigurationPlatforms) = postSolution
		{C987B127-21DF-4BC6-B6BB-2DB08F605834}.Debug|Any CPU.ActiveCfg = Debug|Any CPU
		{C987B127-21DF-4BC6-B6BB-2DB08F605834}.Debug|Any CPU.Build.0 = Debug|Any CPU
		{C987B127-21DF-4BC6-B6BB-2DB08F605834}.Release|Any CPU.ActiveCfg = Release|Any CPU
		{C987B127-21DF-4BC6-B6BB-2DB08F605834}.Release|Any CPU.Build.0 = Release|Any CPU
	EndGlobalSection
	GlobalSection(SolutionProperties) = preSolution
		HideSolutionNode = FALSE
	EndGlobalSection
	GlobalSection(ExtensibilityGlobals) = postSolution
		SolutionGuid = {BC2C3F9D-334B-4956-8015-4E9A4784EAEC}
	EndGlobalSection
EndGlobal
