
Microsoft Visual Studio Solution File, Format Version 12.00
# Visual Studio Version 16
VisualStudioVersion = 16.0.34931.43
MinimumVisualStudioVersion = 10.0.40219.1
Project("{FAE04EC0-301F-11D3-BF4B-00C04F79EFBC}") = "Employee_Travel_Booking_System_WebApplication", "Employee_Travel_Booking_System_WebApplication\Employee_Travel_Booking_System_WebApplication.csproj", "{919E2ED8-7258-4CC9-8C29-D82D45CC8C78}"
EndProject
Global
	GlobalSection(SolutionConfigurationPlatforms) = preSolution
		Debug|Any CPU = Debug|Any CPU
		Release|Any CPU = Release|Any CPU
	EndGlobalSection
	GlobalSection(ProjectConfigurationPlatforms) = postSolution
		{919E2ED8-7258-4CC9-8C29-D82D45CC8C78}.Debug|Any CPU.ActiveCfg = Debug|Any CPU
		{919E2ED8-7258-4CC9-8C29-D82D45CC8C78}.Debug|Any CPU.Build.0 = Debug|Any CPU
		{919E2ED8-7258-4CC9-8C29-D82D45CC8C78}.Release|Any CPU.ActiveCfg = Release|Any CPU
		{919E2ED8-7258-4CC9-8C29-D82D45CC8C78}.Release|Any CPU.Build.0 = Release|Any CPU
	EndGlobalSection
	GlobalSection(SolutionProperties) = preSolution
		HideSolutionNode = FALSE
	EndGlobalSection
	GlobalSection(ExtensibilityGlobals) = postSolution
		SolutionGuid = {1D27A05E-EF20-4964-928F-17FE5CBD5A15}
	EndGlobalSection
EndGlobal
